// !$*UTF8*$!
{
	archiveVersion = 1;
	classes = {
	};
	objectVersion = 46;
	objects = {

/* Begin PBXBuildFile section */
		A808A1111BA4DF6500AE56EE /* AppDelegate.swift in Sources */ = {isa = PBXBuildFile; fileRef = A808A1101BA4DF6500AE56EE /* AppDelegate.swift */; };
		A808A1131BA4DF6500AE56EE /* ViewController.swift in Sources */ = {isa = PBXBuildFile; fileRef = A808A1121BA4DF6500AE56EE /* ViewController.swift */; };
		A808A1161BA4DF6500AE56EE /* Main.storyboard in Resources */ = {isa = PBXBuildFile; fileRef = A808A1141BA4DF6500AE56EE /* Main.storyboard */; };
		A808A1191BA4DF6500AE56EE /* BeCom.xcdatamodeld in Sources */ = {isa = PBXBuildFile; fileRef = A808A1171BA4DF6500AE56EE /* BeCom.xcdatamodeld */; };
		A808A11B1BA4DF6500AE56EE /* Assets.xcassets in Resources */ = {isa = PBXBuildFile; fileRef = A808A11A1BA4DF6500AE56EE /* Assets.xcassets */; };
		A808A11E1BA4DF6500AE56EE /* LaunchScreen.storyboard in Resources */ = {isa = PBXBuildFile; fileRef = A808A11C1BA4DF6500AE56EE /* LaunchScreen.storyboard */; };
/* End PBXBuildFile section */

/* Begin PBXFileReference section */
		A808A10D1BA4DF6500AE56EE /* BeCom.app */ = {isa = PBXFileReference; explicitFileType = wrapper.application; includeInIndex = 0; path = BeCom.app; sourceTree = BUILT_PRODUCTS_DIR; };
		A808A1101BA4DF6500AE56EE /* AppDelegate.swift */ = {isa = PBXFileReference; lastKnownFileType = sourcecode.swift; path = AppDelegate.swift; sourceTree = "<group>"; };
		A808A1121BA4DF6500AE56EE /* ViewController.swift */ = {isa = PBXFileReference; lastKnownFileType = sourcecode.swift; path = ViewController.swift; sourceTree = "<group>"; };
		A808A1151BA4DF6500AE56EE /* Base */ = {isa = PBXFileReference; lastKnownFileType = file.storyboard; name = Base; path = Base.lproj/Main.storyboard; sourceTree = "<group>"; };
		A808A1181BA4DF6500AE56EE /* BeCom.xcdatamodel */ = {isa = PBXFileReference; lastKnownFileType = wrapper.xcdatamodel; path = BeCom.xcdatamodel; sourceTree = "<group>"; };
		A808A11A1BA4DF6500AE56EE /* Assets.xcassets */ = {isa = PBXFileReference; lastKnownFileType = folder.assetcatalog; path = Assets.xcassets; sourceTree = "<group>"; };
		A808A11D1BA4DF6500AE56EE /* Base */ = {isa = PBXFileReference; lastKnownFileType = file.storyboard; name = Base; path = Base.lproj/LaunchScreen.storyboard; sourceTree = "<group>"; };
		A808A11F1BA4DF6500AE56EE /* Info.plist */ = {isa = PBXFileReference; lastKnownFileType = text.plist.xml; path = Info.plist; sourceTree = "<group>"; };
/* End PBXFileReference section */

/* Begin PBXFrameworksBuildPhase section */
		A808A10A1BA4DF6500AE56EE /* Frameworks */ = {
			isa = PBXFrameworksBuildPhase;
			buildActionMask = 2147483647;
			files = (
			);
			runOnlyForDeploymentPostprocessing = 0;
		};
/* End PBXFrameworksBuildPhase section */

/* Begin PBXGroup section */
		A808A1041BA4DF6500AE56EE = {
			isa = PBXGroup;
			children = (
				A808A10F1BA4DF6500AE56EE /* BeCom */,
				A808A10E1BA4DF6500AE56EE /* Products */,
			);
			sourceTree = "<group>";
		};
		A808A10E1BA4DF6500AE56EE /* Products */ = {
			isa = PBXGroup;
			children = (
				A808A10D1BA4DF6500AE56EE /* BeCom.app */,
			);
			name = Products;
			sourceTree = "<group>";
		};
		A808A10F1BA4DF6500AE56EE /* BeCom */ = {
			isa = PBXGroup;
			children = (
				A808A1101BA4DF6500AE56EE /* AppDelegate.swift */,
				A808A1121BA4DF6500AE56EE /* ViewController.swift */,
				A808A1141BA4DF6500AE56EE /* Main.storyboard */,
				A808A11A1BA4DF6500AE56EE /* Assets.xcassets */,
				A808A11C1BA4DF6500AE56EE /* LaunchScreen.storyboard */,
				A808A11F1BA4DF6500AE56EE /* Info.plist */,
				A808A1171BA4DF6500AE56EE /* BeCom.xcdatamodeld */,
			);
			path = BeCom;
			sourceTree = "<group>";
		};
/* End PBXGroup section */

/* Begin PBXNativeTarget section */
		A808A10C1BA4DF6500AE56EE /* BeCom */ = {
			isa = PBXNativeTarget;
			buildConfigurationList = A808A1221BA4DF6500AE56EE /* Build configuration list for PBXNativeTarget "BeCom" */;
			buildPhases = (
				A808A1091BA4DF6500AE56EE /* Sources */,
				A808A10A1BA4DF6500AE56EE /* Frameworks */,
				A808A10B1BA4DF6500AE56EE /* Resources */,
			);
			buildRules = (
			);
			dependencies = (
			);
			name = BeCom;
			productName = BeCom;
			productReference = A808A10D1BA4DF6500AE56EE /* BeCom.app */;
			productType = "com.apple.product-type.application";
		};
/* End PBXNativeTarget section */

/* Begin PBXProject section */
		A808A1051BA4DF6500AE56EE /* Project object */ = {
			isa = PBXProject;
			attributes = {
				LastUpgradeCheck = 0700;
				ORGANIZATIONNAME = BeCom;
				TargetAttributes = {
					A808A10C1BA4DF6500AE56EE = {
						CreatedOnToolsVersion = 7.0;
					};
				};
			};
			buildConfigurationList = A808A1081BA4DF6500AE56EE /* Build configuration list for PBXProject "BeCom" */;
			compatibilityVersion = "Xcode 3.2";
			developmentRegion = English;
			hasScannedForEncodings = 0;
			knownRegions = (
				en,
				Base,
			);
			mainGroup = A808A1041BA4DF6500AE56EE;
			productRefGroup = A808A10E1BA4DF6500AE56EE /* Products */;
			projectDirPath = "";
			projectRoot = "";
			targets = (
				A808A10C1BA4DF6500AE56EE /* BeCom */,
			);
		};
/* End PBXProject section */

/* Begin PBXResourcesBuildPhase section */
		A808A10B1BA4DF6500AE56EE /* Resources */ = {
			isa = PBXResourcesBuildPhase;
			buildActionMask = 2147483647;
			files = (
				A808A11E1BA4DF6500AE56EE /* LaunchScreen.storyboard in Resources */,
				A808A11B1BA4DF6500AE56EE /* Assets.xcassets in Resources */,
				A808A1161BA4DF6500AE56EE /* Main.storyboard in Resources */,
			);
			runOnlyForDeploymentPostprocessing = 0;
		};
/* End PBXResourcesBuildPhase section */

/* Begin PBXSourcesBuildPhase section */
		A808A1091BA4DF6500AE56EE /* Sources */ = {
			isa = PBXSourcesBuildPhase;
			buildActionMask = 2147483647;
			files = (
				A808A1191BA4DF6500AE56EE /* BeCom.xcdatamodeld in Sources */,
				A808A1131BA4DF6500AE56EE /* ViewController.swift in Sources */,
				A808A1111BA4DF6500AE56EE /* AppDelegate.swift in Sources */,
			);
			runOnlyForDeploymentPostprocessing = 0;
		};
/* End PBXSourcesBuildPhase section */

/* Begin PBXVariantGroup section */
		A808A1141BA4DF6500AE56EE /* Main.storyboard */ = {
			isa = PBXVariantGroup;
			children = (
				A808A1151BA4DF6500AE56EE /* Base */,
			);
			name = Main.storyboard;
			sourceTree = "<group>";
		};
		A808A11C1BA4DF6500AE56EE /* LaunchScreen.storyboard */ = {
			isa = PBXVariantGroup;
			children = (
				A808A11D1BA4DF6500AE56EE /* Base */,
			);
			name = LaunchScreen.storyboard;
			sourceTree = "<group>";
		};
/* End PBXVariantGroup section */

/* Begin XCBuildConfiguration section */
		A808A1201BA4DF6500AE56EE /* Debug */ = {
			isa = XCBuildConfiguration;
			buildSettings = {
				ALWAYS_SEARCH_USER_PATHS = NO;
				CLANG_CXX_LANGUAGE_STANDARD = "gnu++0x";
				CLANG_CXX_LIBRARY = "libc++";
				CLANG_ENABLE_MODULES = YES;
				CLANG_ENABLE_OBJC_ARC = YES;
				CLANG_WARN_BOOL_CONVERSION = YES;
				CLANG_WARN_CONSTANT_CONVERSION = YES;
				CLANG_WARN_DIRECT_OBJC_ISA_USAGE = YES_ERROR;
				CLANG_WARN_EMPTY_BODY = YES;
				CLANG_WARN_ENUM_CONVERSION = YES;
				CLANG_WARN_INT_CONVERSION = YES;
				CLANG_WARN_OBJC_ROOT_CLASS = YES_ERROR;
				CLANG_WARN_UNREACHABLE_CODE = YES;
				CLANG_WARN__DUPLICATE_METHOD_MATCH = YES;
				"CODE_SIGN_IDENTITY[sdk=iphoneos*]" = "iPhone Developer";
				COPY_PHASE_STRIP = NO;
				DEBUG_INFORMATION_FORMAT = dwarf;
				ENABLE_STRICT_OBJC_MSGSEND = YES;
				ENABLE_TESTABILITY = YES;
				GCC_C_LANGUAGE_STANDARD = gnu99;
				GCC_DYNAMIC_NO_PIC = NO;
				GCC_NO_COMMON_BLOCKS = YES;
				GCC_OPTIMIZATION_LEVEL = 0;
				GCC_PREPROCESSOR_DEFINITIONS = (
					"DEBUG=1",
					"$(inherited)",
				);
				GCC_WARN_64_TO_32_BIT_CONVERSION = YES;
				GCC_WARN_ABOUT_RETURN_TYPE = YES_ERROR;
				GCC_WARN_UNDECLARED_SELECTOR = YES;
				GCC_WARN_UNINITIALIZED_AUTOS = YES_AGGRESSIVE;
				GCC_WARN_UNUSED_FUNCTION = YES;
				GCC_WARN_UNUSED_VARIABLE = YES;
				IPHONEOS_DEPLOYMENT_TARGET = 9.0;
				MTL_ENABLE_DEBUG_INFO = YES;
				ONLY_ACTIVE_ARCH = YES;
				SDKROOT = iphoneos;
				SWIFT_OPTIMIZATION_LEVEL = "-Onone";
			};
			name = Debug;
		};
		A808A1211BA4DF6500AE56EE /* Release */ = {
			isa = XCBuildConfiguration;
			buildSettings = {
				ALWAYS_SEARCH_USER_PATHS = NO;
				CLANG_CXX_LANGUAGE_STANDARD = "gnu++0x";
				CLANG_CXX_LIBRARY = "libc++";
				CLANG_ENABLE_MODULES = YES;
				CLANG_ENABLE_OBJC_ARC = YES;
				CLANG_WARN_BOOL_CONVERSION = YES;
				CLANG_WARN_CONSTANT_CONVERSION = YES;
				CLANG_WARN_DIRECT_OBJC_ISA_USAGE = YES_ERROR;
				CLANG_WARN_EMPTY_BODY = YES;
				CLANG_WARN_ENUM_CONVERSION = YES;
				CLANG_WARN_INT_CONVERSION = YES;
				CLANG_WARN_OBJC_ROOT_CLASS = YES_ERROR;
				CLANG_WARN_UNREACHABLE_CODE = YES;
				CLANG_WARN__DUPLICATE_METHOD_MATCH = YES;
				"CODE_SIGN_IDENTITY[sdk=iphoneos*]" = "iPhone Developer";
				COPY_PHASE_STRIP = NO;
				DEBUG_INFORMATION_FORMAT = "dwarf-with-dsym";
				ENABLE_NS_ASSERTIONS = NO;
				ENABLE_STRICT_OBJC_MSGSEND = YES;
				GCC_C_LANGUAGE_STANDARD = gnu99;
				GCC_NO_COMMON_BLOCKS = YES;
				GCC_WARN_64_TO_32_BIT_CONVERSION = YES;
				GCC_WARN_ABOUT_RETURN_TYPE = YES_ERROR;
				GCC_WARN_UNDECLARED_SELECTOR = YES;
				GCC_WARN_UNINITIALIZED_AUTOS = YES_AGGRESSIVE;
				GCC_WARN_UNUSED_FUNCTION = YES;
				GCC_WARN_UNUSED_VARIABLE = YES;
				IPHONEOS_DEPLOYMENT_TARGET = 9.0;
				MTL_ENABLE_DEBUG_INFO = NO;
				SDKROOT = iphoneos;
				VALIDATE_PRODUCT = YES;
			};
			name = Release;
		};
		A808A1231BA4DF6500AE56EE /* Debug */ = {
			isa = XCBuildConfiguration;
			buildSettings = {
				ASSETCATALOG_COMPILER_APPICON_NAME = AppIcon;
				INFOPLIST_FILE = BeCom/Info.plist;
				LD_RUNPATH_SEARCH_PATHS = "$(inherited) @executable_path/Frameworks";
				PRODUCT_BUNDLE_IDENTIFIER = SSC0157.SSC0157.BeCom;
				PRODUCT_NAME = "$(TARGET_NAME)";
			};
			name = Debug;
		};
		A808A1241BA4DF6500AE56EE /* Release */ = {
			isa = XCBuildConfiguration;
			buildSettings = {
				ASSETCATALOG_COMPILER_APPICON_NAME = AppIcon;
				INFOPLIST_FILE = BeCom/Info.plist;
				LD_RUNPATH_SEARCH_PATHS = "$(inherited) @executable_path/Frameworks";
				PRODUCT_BUNDLE_IDENTIFIER = SSC0157.SSC0157.BeCom;
				PRODUCT_NAME = "$(TARGET_NAME)";
			};
			name = Release;
		};
/* End XCBuildConfiguration section */

/* Begin XCConfigurationList section */
		A808A1081BA4DF6500AE56EE /* Build configuration list for PBXProject "BeCom" */ = {
			isa = XCConfigurationList;
			buildConfigurations = (
				A808A1201BA4DF6500AE56EE /* Debug */,
				A808A1211BA4DF6500AE56EE /* Release */,
			);
			defaultConfigurationIsVisible = 0;
			defaultConfigurationName = Release;
		};
		A808A1221BA4DF6500AE56EE /* Build configuration list for PBXNativeTarget "BeCom" */ = {
			isa = XCConfigurationList;
			buildConfigurations = (
				A808A1231BA4DF6500AE56EE /* Debug */,
				A808A1241BA4DF6500AE56EE /* Release */,
			);
			defaultConfigurationIsVisible = 0;
		};
/* End XCConfigurationList section */

/* Begin XCVersionGroup section */
		A808A1171BA4DF6500AE56EE /* BeCom.xcdatamodeld */ = {
			isa = XCVersionGroup;
			children = (
				A808A1181BA4DF6500AE56EE /* BeCom.xcdatamodel */,
			);
			currentVersion = A808A1181BA4DF6500AE56EE /* BeCom.xcdatamodel */;
			path = BeCom.xcdatamodeld;
			sourceTree = "<group>";
			versionGroupType = wrapper.xcdatamodel;
		};
/* End XCVersionGroup section */
	};
	rootObject = A808A1051BA4DF6500AE56EE /* Project object */;
}
